// !$*UTF8*$!
{
	archiveVersion = 1;
	classes = {
	};
	objectVersion = 51;
	objects = {

/* Begin PBXBuildFile section */
		4A7FBDC1244E461F0076739C /* DBManagerProtocol.swift in Sources */ = {isa = PBXBuildFile; fileRef = 4A7FBDC0244E461F0076739C /* DBManagerProtocol.swift */; };
		4A7FBDC3244E46A00076739C /* DBManagerAllMovies.swift in Sources */ = {isa = PBXBuildFile; fileRef = 4A7FBDC2244E46A00076739C /* DBManagerAllMovies.swift */; };
		4A7FBDC5244E47290076739C /* DBManagerFavorites.swift in Sources */ = {isa = PBXBuildFile; fileRef = 4A7FBDC4244E47290076739C /* DBManagerFavorites.swift */; };
		4A822463243CFD3D002DBB1C /* MovieDB.swift in Sources */ = {isa = PBXBuildFile; fileRef = 4A822462243CFD3D002DBB1C /* MovieDB.swift */; };
		4A832ED6241045F1005D8FB9 /* MovieDetailController.swift in Sources */ = {isa = PBXBuildFile; fileRef = 4A832ED5241045F1005D8FB9 /* MovieDetailController.swift */; };
		4A832EDA24104659005D8FB9 /* DesignableButton.swift in Sources */ = {isa = PBXBuildFile; fileRef = 4A832ED924104659005D8FB9 /* DesignableButton.swift */; };
		4A88A738240DA08200B5746E /* Movie.swift in Sources */ = {isa = PBXBuildFile; fileRef = 4A88A737240DA08200B5746E /* Movie.swift */; };
		4AA29CA9242D180500C50AF9 /* FavMovieDB.swift in Sources */ = {isa = PBXBuildFile; fileRef = 4AA29CA8242D180500C50AF9 /* FavMovieDB.swift */; };
		4AC86AC92450A2B700B45A9D /* ViewProtocol.swift in Sources */ = {isa = PBXBuildFile; fileRef = 4AC86AC82450A2B700B45A9D /* ViewProtocol.swift */; };
		4AD8B3992406B94600ACF001 /* AppDelegate.swift in Sources */ = {isa = PBXBuildFile; fileRef = 4AD8B3982406B94600ACF001 /* AppDelegate.swift */; };
		4AD8B39B2406B94600ACF001 /* SceneDelegate.swift in Sources */ = {isa = PBXBuildFile; fileRef = 4AD8B39A2406B94600ACF001 /* SceneDelegate.swift */; };
		4AD8B39D2406B94600ACF001 /* MovieListController.swift in Sources */ = {isa = PBXBuildFile; fileRef = 4AD8B39C2406B94600ACF001 /* MovieListController.swift */; };
		4AD8B3A02406B94600ACF001 /* Main.storyboard in Resources */ = {isa = PBXBuildFile; fileRef = 4AD8B39E2406B94600ACF001 /* Main.storyboard */; };
		4AD8B3A22406B94800ACF001 /* Assets.xcassets in Resources */ = {isa = PBXBuildFile; fileRef = 4AD8B3A12406B94800ACF001 /* Assets.xcassets */; };
		4AD8B3A52406B94800ACF001 /* LaunchScreen.storyboard in Resources */ = {isa = PBXBuildFile; fileRef = 4AD8B3A32406B94800ACF001 /* LaunchScreen.storyboard */; };
		4AD8B3AD2406BB1800ACF001 /* MovieCell.swift in Sources */ = {isa = PBXBuildFile; fileRef = 4AD8B3AC2406BB1800ACF001 /* MovieCell.swift */; };
		BB131D8B6659F8A0FFF2C49C /* Pods_MinionMovies.framework in Frameworks */ = {isa = PBXBuildFile; fileRef = A9094FDBA404F5AE90C11365 /* Pods_MinionMovies.framework */; };
/* End PBXBuildFile section */

/* Begin PBXFileReference section */
		4A7FBDC0244E461F0076739C /* DBManagerProtocol.swift */ = {isa = PBXFileReference; lastKnownFileType = sourcecode.swift; path = DBManagerProtocol.swift; sourceTree = "<group>"; };
		4A7FBDC2244E46A00076739C /* DBManagerAllMovies.swift */ = {isa = PBXFileReference; lastKnownFileType = sourcecode.swift; path = DBManagerAllMovies.swift; sourceTree = "<group>"; };
		4A7FBDC4244E47290076739C /* DBManagerFavorites.swift */ = {isa = PBXFileReference; lastKnownFileType = sourcecode.swift; path = DBManagerFavorites.swift; sourceTree = "<group>"; };
		4A822462243CFD3D002DBB1C /* MovieDB.swift */ = {isa = PBXFileReference; lastKnownFileType = sourcecode.swift; path = MovieDB.swift; sourceTree = "<group>"; };
		4A832ED5241045F1005D8FB9 /* MovieDetailController.swift */ = {isa = PBXFileReference; lastKnownFileType = sourcecode.swift; path = MovieDetailController.swift; sourceTree = "<group>"; };
		4A832ED924104659005D8FB9 /* DesignableButton.swift */ = {isa = PBXFileReference; lastKnownFileType = sourcecode.swift; path = DesignableButton.swift; sourceTree = "<group>"; };
		4A88A737240DA08200B5746E /* Movie.swift */ = {isa = PBXFileReference; lastKnownFileType = sourcecode.swift; path = Movie.swift; sourceTree = "<group>"; };
		4AA29CA8242D180500C50AF9 /* FavMovieDB.swift */ = {isa = PBXFileReference; lastKnownFileType = sourcecode.swift; path = FavMovieDB.swift; sourceTree = "<group>"; };
		4AC86AC82450A2B700B45A9D /* ViewProtocol.swift */ = {isa = PBXFileReference; lastKnownFileType = sourcecode.swift; path = ViewProtocol.swift; sourceTree = "<group>"; };
		4AD8B3952406B94600ACF001 /* MinionMovies.app */ = {isa = PBXFileReference; explicitFileType = wrapper.application; includeInIndex = 0; path = MinionMovies.app; sourceTree = BUILT_PRODUCTS_DIR; };
		4AD8B3982406B94600ACF001 /* AppDelegate.swift */ = {isa = PBXFileReference; lastKnownFileType = sourcecode.swift; path = AppDelegate.swift; sourceTree = "<group>"; };
		4AD8B39A2406B94600ACF001 /* SceneDelegate.swift */ = {isa = PBXFileReference; lastKnownFileType = sourcecode.swift; path = SceneDelegate.swift; sourceTree = "<group>"; };
		4AD8B39C2406B94600ACF001 /* MovieListController.swift */ = {isa = PBXFileReference; lastKnownFileType = sourcecode.swift; path = MovieListController.swift; sourceTree = "<group>"; };
		4AD8B39F2406B94600ACF001 /* Base */ = {isa = PBXFileReference; lastKnownFileType = file.storyboard; name = Base; path = Base.lproj/Main.storyboard; sourceTree = "<group>"; };
		4AD8B3A12406B94800ACF001 /* Assets.xcassets */ = {isa = PBXFileReference; lastKnownFileType = folder.assetcatalog; path = Assets.xcassets; sourceTree = "<group>"; };
		4AD8B3A42406B94800ACF001 /* Base */ = {isa = PBXFileReference; lastKnownFileType = file.storyboard; name = Base; path = Base.lproj/LaunchScreen.storyboard; sourceTree = "<group>"; };
		4AD8B3A62406B94800ACF001 /* Info.plist */ = {isa = PBXFileReference; lastKnownFileType = text.plist.xml; path = Info.plist; sourceTree = "<group>"; };
		4AD8B3AC2406BB1800ACF001 /* MovieCell.swift */ = {isa = PBXFileReference; lastKnownFileType = sourcecode.swift; path = MovieCell.swift; sourceTree = "<group>"; };
		A9094FDBA404F5AE90C11365 /* Pods_MinionMovies.framework */ = {isa = PBXFileReference; explicitFileType = wrapper.framework; includeInIndex = 0; path = Pods_MinionMovies.framework; sourceTree = BUILT_PRODUCTS_DIR; };
		DD30C164A34A48366BC274CF /* Pods-MinionMovies.debug.xcconfig */ = {isa = PBXFileReference; includeInIndex = 1; lastKnownFileType = text.xcconfig; name = "Pods-MinionMovies.debug.xcconfig"; path = "Target Support Files/Pods-MinionMovies/Pods-MinionMovies.debug.xcconfig"; sourceTree = "<group>"; };
		F9D4910F090DED3A38617393 /* Pods-MinionMovies.release.xcconfig */ = {isa = PBXFileReference; includeInIndex = 1; lastKnownFileType = text.xcconfig; name = "Pods-MinionMovies.release.xcconfig"; path = "Target Support Files/Pods-MinionMovies/Pods-MinionMovies.release.xcconfig"; sourceTree = "<group>"; };
/* End PBXFileReference section */

/* Begin PBXFrameworksBuildPhase section */
		4AD8B3922406B94600ACF001 /* Frameworks */ = {
			isa = PBXFrameworksBuildPhase;
			buildActionMask = 2147483647;
			files = (
				BB131D8B6659F8A0FFF2C49C /* Pods_MinionMovies.framework in Frameworks */,
			);
			runOnlyForDeploymentPostprocessing = 0;
		};
/* End PBXFrameworksBuildPhase section */

/* Begin PBXGroup section */
		185BAB11DAA6560F34053EA6 /* Frameworks */ = {
			isa = PBXGroup;
			children = (
				A9094FDBA404F5AE90C11365 /* Pods_MinionMovies.framework */,
			);
			name = Frameworks;
			sourceTree = "<group>";
		};
		4A7FBDBF244E45DD0076739C /* Protocols */ = {
			isa = PBXGroup;
			children = (
				4A7FBDC0244E461F0076739C /* DBManagerProtocol.swift */,
				4AC86AC82450A2B700B45A9D /* ViewProtocol.swift */,
			);
			path = Protocols;
			sourceTree = "<group>";
		};
		4A822464243CFD42002DBB1C /* Models */ = {
			isa = PBXGroup;
			children = (
				4A88A737240DA08200B5746E /* Movie.swift */,
				4A822462243CFD3D002DBB1C /* MovieDB.swift */,
				4AA29CA8242D180500C50AF9 /* FavMovieDB.swift */,
			);
			path = Models;
			sourceTree = "<group>";
		};
		4AD8B38C2406B94600ACF001 = {
			isa = PBXGroup;
			children = (
				4AD8B3972406B94600ACF001 /* MinionMovies */,
				4AD8B3962406B94600ACF001 /* Products */,
				F0B024A52EC3423FB7495F97 /* Pods */,
				185BAB11DAA6560F34053EA6 /* Frameworks */,
			);
			sourceTree = "<group>";
		};
		4AD8B3962406B94600ACF001 /* Products */ = {
			isa = PBXGroup;
			children = (
				4AD8B3952406B94600ACF001 /* MinionMovies.app */,
			);
			name = Products;
			sourceTree = "<group>";
		};
		4AD8B3972406B94600ACF001 /* MinionMovies */ = {
			isa = PBXGroup;
			children = (
				4A7FBDBF244E45DD0076739C /* Protocols */,
				4A822464243CFD42002DBB1C /* Models */,
				4AD8B3982406B94600ACF001 /* AppDelegate.swift */,
				4A7FBDC2244E46A00076739C /* DBManagerAllMovies.swift */,
				4A7FBDC4244E47290076739C /* DBManagerFavorites.swift */,
				4AD8B39A2406B94600ACF001 /* SceneDelegate.swift */,
				4AD8B39C2406B94600ACF001 /* MovieListController.swift */,
				4A832ED5241045F1005D8FB9 /* MovieDetailController.swift */,
				4AD8B3AC2406BB1800ACF001 /* MovieCell.swift */,
				4A832ED924104659005D8FB9 /* DesignableButton.swift */,
				4AD8B39E2406B94600ACF001 /* Main.storyboard */,
				4AD8B3A12406B94800ACF001 /* Assets.xcassets */,
				4AD8B3A32406B94800ACF001 /* LaunchScreen.storyboard */,
				4AD8B3A62406B94800ACF001 /* Info.plist */,
			);
			path = MinionMovies;
			sourceTree = "<group>";
		};
		F0B024A52EC3423FB7495F97 /* Pods */ = {
			isa = PBXGroup;
			children = (
				DD30C164A34A48366BC274CF /* Pods-MinionMovies.debug.xcconfig */,
				F9D4910F090DED3A38617393 /* Pods-MinionMovies.release.xcconfig */,
			);
			path = Pods;
			sourceTree = "<group>";
		};
/* End PBXGroup section */

/* Begin PBXNativeTarget section */
		4AD8B3942406B94600ACF001 /* MinionMovies */ = {
			isa = PBXNativeTarget;
			buildConfigurationList = 4AD8B3A92406B94800ACF001 /* Build configuration list for PBXNativeTarget "MinionMovies" */;
			buildPhases = (
				7422B3BC318B390871E16F05 /* [CP] Check Pods Manifest.lock */,
				4AD8B3912406B94600ACF001 /* Sources */,
				4AD8B3922406B94600ACF001 /* Frameworks */,
				4AD8B3932406B94600ACF001 /* Resources */,
				EFED1D5692A7CBEA4828014D /* [CP] Embed Pods Frameworks */,
			);
			buildRules = (
			);
			dependencies = (
			);
			name = MinionMovies;
			productName = MinionMovies;
			productReference = 4AD8B3952406B94600ACF001 /* MinionMovies.app */;
			productType = "com.apple.product-type.application";
		};
/* End PBXNativeTarget section */

/* Begin PBXProject section */
		4AD8B38D2406B94600ACF001 /* Project object */ = {
			isa = PBXProject;
			attributes = {
				LastSwiftUpdateCheck = 1130;
				LastUpgradeCheck = 1130;
				ORGANIZATIONNAME = "Vitor Costa";
				TargetAttributes = {
					4AD8B3942406B94600ACF001 = {
						CreatedOnToolsVersion = 11.3.1;
					};
				};
			};
			buildConfigurationList = 4AD8B3902406B94600ACF001 /* Build configuration list for PBXProject "MinionMovies" */;
			compatibilityVersion = "Xcode 9.3";
			developmentRegion = en;
			hasScannedForEncodings = 0;
			knownRegions = (
				en,
				Base,
			);
			mainGroup = 4AD8B38C2406B94600ACF001;
			productRefGroup = 4AD8B3962406B94600ACF001 /* Products */;
			projectDirPath = "";
			projectRoot = "";
			targets = (
				4AD8B3942406B94600ACF001 /* MinionMovies */,
			);
		};
/* End PBXProject section */

/* Begin PBXResourcesBuildPhase section */
		4AD8B3932406B94600ACF001 /* Resources */ = {
			isa = PBXResourcesBuildPhase;
			buildActionMask = 2147483647;
			files = (
				4AD8B3A52406B94800ACF001 /* LaunchScreen.storyboard in Resources */,
				4AD8B3A22406B94800ACF001 /* Assets.xcassets in Resources */,
				4AD8B3A02406B94600ACF001 /* Main.storyboard in Resources */,
			);
			runOnlyForDeploymentPostprocessing = 0;
		};
/* End PBXResourcesBuildPhase section */

/* Begin PBXShellScriptBuildPhase section */
		7422B3BC318B390871E16F05 /* [CP] Check Pods Manifest.lock */ = {
			isa = PBXShellScriptBuildPhase;
			buildActionMask = 2147483647;
			files = (
			);
			inputFileListPaths = (
			);
			inputPaths = (
				"${PODS_PODFILE_DIR_PATH}/Podfile.lock",
				"${PODS_ROOT}/Manifest.lock",
			);
			name = "[CP] Check Pods Manifest.lock";
			outputFileListPaths = (
			);
			outputPaths = (
				"$(DERIVED_FILE_DIR)/Pods-MinionMovies-checkManifestLockResult.txt",
			);
			runOnlyForDeploymentPostprocessing = 0;
			shellPath = /bin/sh;
			shellScript = "diff \"${PODS_PODFILE_DIR_PATH}/Podfile.lock\" \"${PODS_ROOT}/Manifest.lock\" > /dev/null\nif [ $? != 0 ] ; then\n    # print error to STDERR\n    echo \"error: The sandbox is not in sync with the Podfile.lock. Run 'pod install' or update your CocoaPods installation.\" >&2\n    exit 1\nfi\n# This output is used by Xcode 'outputs' to avoid re-running this script phase.\necho \"SUCCESS\" > \"${SCRIPT_OUTPUT_FILE_0}\"\n";
			showEnvVarsInLog = 0;
		};
		EFED1D5692A7CBEA4828014D /* [CP] Embed Pods Frameworks */ = {
			isa = PBXShellScriptBuildPhase;
			buildActionMask = 2147483647;
			files = (
			);
			inputFileListPaths = (
				"${PODS_ROOT}/Target Support Files/Pods-MinionMovies/Pods-MinionMovies-frameworks-${CONFIGURATION}-input-files.xcfilelist",
			);
			name = "[CP] Embed Pods Frameworks";
			outputFileListPaths = (
				"${PODS_ROOT}/Target Support Files/Pods-MinionMovies/Pods-MinionMovies-frameworks-${CONFIGURATION}-output-files.xcfilelist",
			);
			runOnlyForDeploymentPostprocessing = 0;
			shellPath = /bin/sh;
			shellScript = "\"${PODS_ROOT}/Target Support Files/Pods-MinionMovies/Pods-MinionMovies-frameworks.sh\"\n";
			showEnvVarsInLog = 0;
		};
/* End PBXShellScriptBuildPhase section */

/* Begin PBXSourcesBuildPhase section */
		4AD8B3912406B94600ACF001 /* Sources */ = {
			isa = PBXSourcesBuildPhase;
			buildActionMask = 2147483647;
			files = (
				4A88A738240DA08200B5746E /* Movie.swift in Sources */,
				4A7FBDC1244E461F0076739C /* DBManagerProtocol.swift in Sources */,
				4AD8B39D2406B94600ACF001 /* MovieListController.swift in Sources */,
				4AD8B3AD2406BB1800ACF001 /* MovieCell.swift in Sources */,
				4AC86AC92450A2B700B45A9D /* ViewProtocol.swift in Sources */,
				4A832EDA24104659005D8FB9 /* DesignableButton.swift in Sources */,
				4A832ED6241045F1005D8FB9 /* MovieDetailController.swift in Sources */,
				4A7FBDC3244E46A00076739C /* DBManagerAllMovies.swift in Sources */,
				4AD8B3992406B94600ACF001 /* AppDelegate.swift in Sources */,
				4A822463243CFD3D002DBB1C /* MovieDB.swift in Sources */,
				4AA29CA9242D180500C50AF9 /* FavMovieDB.swift in Sources */,
				4AD8B39B2406B94600ACF001 /* SceneDelegate.swift in Sources */,
				4A7FBDC5244E47290076739C /* DBManagerFavorites.swift in Sources */,
			);
			runOnlyForDeploymentPostprocessing = 0;
		};
/* End PBXSourcesBuildPhase section */

/* Begin PBXVariantGroup section */
		4AD8B39E2406B94600ACF001 /* Main.storyboard */ = {
			isa = PBXVariantGroup;
			children = (
				4AD8B39F2406B94600ACF001 /* Base */,
			);
			name = Main.storyboard;
			sourceTree = "<group>";
		};
		4AD8B3A32406B94800ACF001 /* LaunchScreen.storyboard */ = {
			isa = PBXVariantGroup;
			children = (
				4AD8B3A42406B94800ACF001 /* Base */,
			);
			name = LaunchScreen.storyboard;
			sourceTree = "<group>";
		};
/* End PBXVariantGroup section */

/* Begin XCBuildConfiguration section */
		4AD8B3A72406B94800ACF001 /* Debug */ = {
			isa = XCBuildConfiguration;
			buildSettings = {
				ALWAYS_SEARCH_USER_PATHS = NO;
				CLANG_ANALYZER_NONNULL = YES;
				CLANG_ANALYZER_NUMBER_OBJECT_CONVERSION = YES_AGGRESSIVE;
				CLANG_CXX_LANGUAGE_STANDARD = "gnu++14";
				CLANG_CXX_LIBRARY = "libc++";
				CLANG_ENABLE_MODULES = YES;
				CLANG_ENABLE_OBJC_ARC = YES;
				CLANG_ENABLE_OBJC_WEAK = YES;
				CLANG_WARN_BLOCK_CAPTURE_AUTORELEASING = YES;
				CLANG_WARN_BOOL_CONVERSION = YES;
				CLANG_WARN_COMMA = YES;
				CLANG_WARN_CONSTANT_CONVERSION = YES;
				CLANG_WARN_DEPRECATED_OBJC_IMPLEMENTATIONS = YES;
				CLANG_WARN_DIRECT_OBJC_ISA_USAGE = YES_ERROR;
				CLANG_WARN_DOCUMENTATION_COMMENTS = YES;
				CLANG_WARN_EMPTY_BODY = YES;
				CLANG_WARN_ENUM_CONVERSION = YES;
				CLANG_WARN_INFINITE_RECURSION = YES;
				CLANG_WARN_INT_CONVERSION = YES;
				CLANG_WARN_NON_LITERAL_NULL_CONVERSION = YES;
				CLANG_WARN_OBJC_IMPLICIT_RETAIN_SELF = YES;
				CLANG_WARN_OBJC_LITERAL_CONVERSION = YES;
				CLANG_WARN_OBJC_ROOT_CLASS = YES_ERROR;
				CLANG_WARN_RANGE_LOOP_ANALYSIS = YES;
				CLANG_WARN_STRICT_PROTOTYPES = YES;
				CLANG_WARN_SUSPICIOUS_MOVE = YES;
				CLANG_WARN_UNGUARDED_AVAILABILITY = YES_AGGRESSIVE;
				CLANG_WARN_UNREACHABLE_CODE = YES;
				CLANG_WARN__DUPLICATE_METHOD_MATCH = YES;
				COPY_PHASE_STRIP = NO;
				DEBUG_INFORMATION_FORMAT = dwarf;
				ENABLE_STRICT_OBJC_MSGSEND = YES;
				ENABLE_TESTABILITY = YES;
				GCC_C_LANGUAGE_STANDARD = gnu11;
				GCC_DYNAMIC_NO_PIC = NO;
				GCC_NO_COMMON_BLOCKS = YES;
				GCC_OPTIMIZATION_LEVEL = 0;
				GCC_PREPROCESSOR_DEFINITIONS = (
					"DEBUG=1",
					"$(inherited)",
				);
				GCC_WARN_64_TO_32_BIT_CONVERSION = YES;
				GCC_WARN_ABOUT_RETURN_TYPE = YES_ERROR;
				GCC_WARN_UNDECLARED_SELECTOR = YES;
				GCC_WARN_UNINITIALIZED_AUTOS = YES_AGGRESSIVE;
				GCC_WARN_UNUSED_FUNCTION = YES;
				GCC_WARN_UNUSED_VARIABLE = YES;
				IPHONEOS_DEPLOYMENT_TARGET = 13.2;
				MTL_ENABLE_DEBUG_INFO = INCLUDE_SOURCE;
				MTL_FAST_MATH = YES;
				ONLY_ACTIVE_ARCH = YES;
				SDKROOT = iphoneos;
				SWIFT_ACTIVE_COMPILATION_CONDITIONS = DEBUG;
				SWIFT_OPTIMIZATION_LEVEL = "-Onone";
			};
			name = Debug;
		};
		4AD8B3A82406B94800ACF001 /* Release */ = {
			isa = XCBuildConfiguration;
			buildSettings = {
				ALWAYS_SEARCH_USER_PATHS = NO;
				CLANG_ANALYZER_NONNULL = YES;
				CLANG_ANALYZER_NUMBER_OBJECT_CONVERSION = YES_AGGRESSIVE;
				CLANG_CXX_LANGUAGE_STANDARD = "gnu++14";
				CLANG_CXX_LIBRARY = "libc++";
				CLANG_ENABLE_MODULES = YES;
				CLANG_ENABLE_OBJC_ARC = YES;
				CLANG_ENABLE_OBJC_WEAK = YES;
				CLANG_WARN_BLOCK_CAPTURE_AUTORELEASING = YES;
				CLANG_WARN_BOOL_CONVERSION = YES;
				CLANG_WARN_COMMA = YES;
				CLANG_WARN_CONSTANT_CONVERSION = YES;
				CLANG_WARN_DEPRECATED_OBJC_IMPLEMENTATIONS = YES;
				CLANG_WARN_DIRECT_OBJC_ISA_USAGE = YES_ERROR;
				CLANG_WARN_DOCUMENTATION_COMMENTS = YES;
				CLANG_WARN_EMPTY_BODY = YES;
				CLANG_WARN_ENUM_CONVERSION = YES;
				CLANG_WARN_INFINITE_RECURSION = YES;
				CLANG_WARN_INT_CONVERSION = YES;
				CLANG_WARN_NON_LITERAL_NULL_CONVERSION = YES;
				CLANG_WARN_OBJC_IMPLICIT_RETAIN_SELF = YES;
				CLANG_WARN_OBJC_LITERAL_CONVERSION = YES;
				CLANG_WARN_OBJC_ROOT_CLASS = YES_ERROR;
				CLANG_WARN_RANGE_LOOP_ANALYSIS = YES;
				CLANG_WARN_STRICT_PROTOTYPES = YES;
				CLANG_WARN_SUSPICIOUS_MOVE = YES;
				CLANG_WARN_UNGUARDED_AVAILABILITY = YES_AGGRESSIVE;
				CLANG_WARN_UNREACHABLE_CODE = YES;
				CLANG_WARN__DUPLICATE_METHOD_MATCH = YES;
				COPY_PHASE_STRIP = NO;
				DEBUG_INFORMATION_FORMAT = "dwarf-with-dsym";
				ENABLE_NS_ASSERTIONS = NO;
				ENABLE_STRICT_OBJC_MSGSEND = YES;
				GCC_C_LANGUAGE_STANDARD = gnu11;
				GCC_NO_COMMON_BLOCKS = YES;
				GCC_WARN_64_TO_32_BIT_CONVERSION = YES;
				GCC_WARN_ABOUT_RETURN_TYPE = YES_ERROR;
				GCC_WARN_UNDECLARED_SELECTOR = YES;
				GCC_WARN_UNINITIALIZED_AUTOS = YES_AGGRESSIVE;
				GCC_WARN_UNUSED_FUNCTION = YES;
				GCC_WARN_UNUSED_VARIABLE = YES;
				IPHONEOS_DEPLOYMENT_TARGET = 13.2;
				MTL_ENABLE_DEBUG_INFO = NO;
				MTL_FAST_MATH = YES;
				SDKROOT = iphoneos;
				SWIFT_COMPILATION_MODE = wholemodule;
				SWIFT_OPTIMIZATION_LEVEL = "-O";
				VALIDATE_PRODUCT = YES;
			};
			name = Release;
		};
		4AD8B3AA2406B94800ACF001 /* Debug */ = {
			isa = XCBuildConfiguration;
			baseConfigurationReference = DD30C164A34A48366BC274CF /* Pods-MinionMovies.debug.xcconfig */;
			buildSettings = {
				ASSETCATALOG_COMPILER_APPICON_NAME = AppIcon;
				CODE_SIGN_STYLE = Automatic;
				INFOPLIST_FILE = MinionMovies/Info.plist;
				LD_RUNPATH_SEARCH_PATHS = (
					"$(inherited)",
					"@executable_path/Frameworks",
				);
				PRODUCT_BUNDLE_IDENTIFIER = com.vitor.Involves.MinionMovies;
				PRODUCT_NAME = "$(TARGET_NAME)";
				SWIFT_VERSION = 5.0;
				TARGETED_DEVICE_FAMILY = "1,2";
			};
			name = Debug;
		};
		4AD8B3AB2406B94800ACF001 /* Release */ = {
			isa = XCBuildConfiguration;
			baseConfigurationReference = F9D4910F090DED3A38617393 /* Pods-MinionMovies.release.xcconfig */;
			buildSettings = {
				ASSETCATALOG_COMPILER_APPICON_NAME = AppIcon;
				CODE_SIGN_STYLE = Automatic;
				INFOPLIST_FILE = MinionMovies/Info.plist;
				LD_RUNPATH_SEARCH_PATHS = (
					"$(inherited)",
					"@executable_path/Frameworks",
				);
				PRODUCT_BUNDLE_IDENTIFIER = com.vitor.Involves.MinionMovies;
				PRODUCT_NAME = "$(TARGET_NAME)";
				SWIFT_VERSION = 5.0;
				TARGETED_DEVICE_FAMILY = "1,2";
			};
			name = Release;
		};
/* End XCBuildConfiguration section */

/* Begin XCConfigurationList section */
		4AD8B3902406B94600ACF001 /* Build configuration list for PBXProject "MinionMovies" */ = {
			isa = XCConfigurationList;
			buildConfigurations = (
				4AD8B3A72406B94800ACF001 /* Debug */,
				4AD8B3A82406B94800ACF001 /* Release */,
			);
			defaultConfigurationIsVisible = 0;
			defaultConfigurationName = Release;
		};
		4AD8B3A92406B94800ACF001 /* Build configuration list for PBXNativeTarget "MinionMovies" */ = {
			isa = XCConfigurationList;
			buildConfigurations = (
				4AD8B3AA2406B94800ACF001 /* Debug */,
				4AD8B3AB2406B94800ACF001 /* Release */,
			);
			defaultConfigurationIsVisible = 0;
			defaultConfigurationName = Release;
		};
/* End XCConfigurationList section */
	};
	rootObject = 4AD8B38D2406B94600ACF001 /* Project object */;
}
